{
  "version": 4,
  "terraform_version": "0.12.25",
  "serial": 7,
  "lineage": "cc1c1c2a-1342-4e4c-7dff-facee6045d9e",
  "outputs": {
    "lambda_output": {
      "value": "{\"body\": \"\\\"Hello Udacity from Lambda!\\\"\"}",
      "type": "string"
    }
  },
  "resources": [
    {
      "mode": "data",
      "type": "archive_file",
      "name": "greet_lambda_zip",
      "provider": "provider.archive",
      "instances": [
        {
          "schema_version": 0,
          "attributes": {
            "excludes": null,
            "id": "1507fe27735c6a7e2c523d7b0e39cb954616b346",
            "output_base64sha256": "L5lgTUcj7i8/6O2cfxvMr3VBwDJcw2aqaIlCazyHXyw=",
            "output_md5": "655781c8a43b22fea2e6e85bb5dedd15",
            "output_path": "greet_lambda.zip",
            "output_sha": "1507fe27735c6a7e2c523d7b0e39cb954616b346",
            "output_size": 273,
            "source": [],
            "source_content": null,
            "source_content_filename": null,
            "source_dir": null,
            "source_file": "greet_lambda.py",
            "type": "zip"
          }
        }
      ]
    },
    {
      "mode": "data",
      "type": "aws_lambda_invocation",
      "name": "example",
      "provider": "provider.aws",
      "instances": [
        {
          "schema_version": 0,
          "attributes": {
            "function_name": "greet_lambda",
            "id": "greet_lambda_$LATEST_a9c1c55da8f0e080ebe131ade73f4532",
            "input": "{\r\n  \"greeting\": \"Hello Udacity from payload\"\r\n}\r\n",
            "qualifier": "$LATEST",
            "result": "{\"body\": \"\\\"Hello Udacity from Lambda!\\\"\"}",
            "result_map": {
              "body": "\"Hello Udacity from Lambda!\""
            }
          }
        }
      ]
    },
    {
      "mode": "managed",
      "type": "aws_cloudwatch_log_group",
      "name": "example",
      "provider": "provider.aws",
      "instances": [
        {
          "schema_version": 0,
          "attributes": {
            "arn": "arn:aws:logs:us-east-1:213799954757:log-group:/aws/lambda/greet_lambda:*",
            "id": "/aws/lambda/greet_lambda",
            "kms_key_id": "",
            "name": "/aws/lambda/greet_lambda",
            "name_prefix": null,
            "retention_in_days": 14,
            "tags": null
          },
          "private": "bnVsbA=="
        }
      ]
    },
    {
      "mode": "managed",
      "type": "aws_iam_policy",
      "name": "lambda_logging",
      "provider": "provider.aws",
      "instances": [
        {
          "schema_version": 0,
          "attributes": {
            "arn": "arn:aws:iam::213799954757:policy/lambda_logging",
            "description": "IAM policy for logging from a lambda",
            "id": "arn:aws:iam::213799954757:policy/lambda_logging",
            "name": "lambda_logging",
            "name_prefix": null,
            "path": "/",
            "policy": "{\r\n  \"Version\": \"2012-10-17\",\r\n  \"Statement\": [\r\n    {\r\n      \"Action\": [\r\n        \"logs:CreateLogGroup\",\r\n        \"logs:CreateLogStream\",\r\n        \"logs:PutLogEvents\"\r\n      ],\r\n      \"Resource\": \"arn:aws:logs:*:*:*\",\r\n      \"Effect\": \"Allow\"\r\n    }\r\n  ]\r\n}\r\n"
          },
          "private": "bnVsbA=="
        }
      ]
    },
    {
      "mode": "managed",
      "type": "aws_iam_role",
      "name": "iam_for_lambda",
      "provider": "provider.aws",
      "instances": [
        {
          "schema_version": 0,
          "attributes": {
            "arn": "arn:aws:iam::213799954757:role/iam_for_lambda",
            "assume_role_policy": "{\"Version\":\"2012-10-17\",\"Statement\":[{\"Sid\":\"\",\"Effect\":\"Allow\",\"Principal\":{\"Service\":\"lambda.amazonaws.com\"},\"Action\":\"sts:AssumeRole\"}]}",
            "create_date": "2020-05-24T19:49:19Z",
            "description": "",
            "force_detach_policies": false,
            "id": "iam_for_lambda",
            "max_session_duration": 3600,
            "name": "iam_for_lambda",
            "name_prefix": null,
            "path": "/",
            "permissions_boundary": null,
            "tags": null,
            "unique_id": "AROATDR3YNFC63SVRC2VA"
          },
          "private": "bnVsbA=="
        }
      ]
    },
    {
      "mode": "managed",
      "type": "aws_iam_role_policy_attachment",
      "name": "lambda_logs",
      "provider": "provider.aws",
      "instances": [
        {
          "schema_version": 0,
          "attributes": {
            "id": "iam_for_lambda-20200524194919563400000001",
            "policy_arn": "arn:aws:iam::213799954757:policy/lambda_logging",
            "role": "iam_for_lambda"
          },
          "private": "bnVsbA==",
          "dependencies": [
            "aws_iam_policy.lambda_logging",
            "aws_iam_role.iam_for_lambda"
          ]
        }
      ]
    },
    {
      "mode": "managed",
      "type": "aws_lambda_function",
      "name": "greet_lambda",
      "provider": "provider.aws",
      "instances": [
        {
          "schema_version": 0,
          "attributes": {
            "arn": "arn:aws:lambda:us-east-1:213799954757:function:greet_lambda",
            "dead_letter_config": [],
            "description": "",
            "environment": [
              {
                "variables": {
                  "greeting": "Hello Udacity"
                }
              }
            ],
            "filename": "greet_lambda.zip",
            "function_name": "greet_lambda",
            "handler": "greet_lambda.lambda_handler",
            "id": "greet_lambda",
            "invoke_arn": "arn:aws:apigateway:us-east-1:lambda:path/2015-03-31/functions/arn:aws:lambda:us-east-1:213799954757:function:greet_lambda/invocations",
            "kms_key_arn": "",
            "last_modified": "2020-05-24T19:49:28.469+0000",
            "layers": null,
            "memory_size": 128,
            "publish": false,
            "qualified_arn": "arn:aws:lambda:us-east-1:213799954757:function:greet_lambda:$LATEST",
            "reserved_concurrent_executions": -1,
            "role": "arn:aws:iam::213799954757:role/iam_for_lambda",
            "runtime": "python3.8",
            "s3_bucket": null,
            "s3_key": null,
            "s3_object_version": null,
            "source_code_hash": "L5lgTUcj7i8/6O2cfxvMr3VBwDJcw2aqaIlCazyHXyw=",
            "source_code_size": 273,
            "tags": null,
            "timeout": 3,
            "timeouts": null,
            "tracing_config": [
              {
                "mode": "PassThrough"
              }
            ],
            "version": "$LATEST",
            "vpc_config": []
          },
          "private": "eyJlMmJmYjczMC1lY2FhLTExZTYtOGY4OC0zNDM2M2JjN2M0YzAiOnsiY3JlYXRlIjo2MDAwMDAwMDAwMDB9fQ==",
          "dependencies": [
            "aws_cloudwatch_log_group.example",
            "aws_iam_policy.lambda_logging",
            "aws_iam_role.iam_for_lambda",
            "aws_iam_role_policy_attachment.lambda_logs"
          ]
        }
      ]
    }
  ]
}
